// !$*UTF8*$!
{
	archiveVersion = 1;
	classes = {
	};
	objectVersion = 55;
	objects = {

/* Begin PBXBuildFile section */
		7947AB8327EC5C1200E38E82 /* FirebaseWhatsAppCloneApp.swift in Sources */ = {isa = PBXBuildFile; fileRef = 7947AB8227EC5C1200E38E82 /* FirebaseWhatsAppCloneApp.swift */; };
		7947AB8527EC5C1200E38E82 /* ContentView.swift in Sources */ = {isa = PBXBuildFile; fileRef = 7947AB8427EC5C1200E38E82 /* ContentView.swift */; };
		7947AB8727EC5C1400E38E82 /* Assets.xcassets in Resources */ = {isa = PBXBuildFile; fileRef = 7947AB8627EC5C1400E38E82 /* Assets.xcassets */; };
		7947AB8A27EC5C1400E38E82 /* Preview Assets.xcassets in Resources */ = {isa = PBXBuildFile; fileRef = 7947AB8927EC5C1400E38E82 /* Preview Assets.xcassets */; };
		7947AB9627EC5CB900E38E82 /* LoginView.swift in Sources */ = {isa = PBXBuildFile; fileRef = 7947AB9527EC5CB900E38E82 /* LoginView.swift */; };
		7947AB9827EC5CC300E38E82 /* RegistrationView.swift in Sources */ = {isa = PBXBuildFile; fileRef = 7947AB9727EC5CC300E38E82 /* RegistrationView.swift */; };
		7947AB9A27EC653C00E38E82 /* MainTabView.swift in Sources */ = {isa = PBXBuildFile; fileRef = 7947AB9927EC653C00E38E82 /* MainTabView.swift */; };
		7947AB9F27EC660F00E38E82 /* ChatView.swift in Sources */ = {isa = PBXBuildFile; fileRef = 7947AB9E27EC660F00E38E82 /* ChatView.swift */; };
		7947ABA227EC662500E38E82 /* SettingView.swift in Sources */ = {isa = PBXBuildFile; fileRef = 7947ABA127EC662500E38E82 /* SettingView.swift */; };
		7947ABAB27EC66A300E38E82 /* ChannelsView.swift in Sources */ = {isa = PBXBuildFile; fileRef = 7947ABAA27EC66A300E38E82 /* ChannelsView.swift */; };
		7947ABAD27EC6AB200E38E82 /* SettingHeaderView.swift in Sources */ = {isa = PBXBuildFile; fileRef = 7947ABAC27EC6AB200E38E82 /* SettingHeaderView.swift */; };
		7947ABAF27EC6AD900E38E82 /* SettingCell.swift in Sources */ = {isa = PBXBuildFile; fileRef = 7947ABAE27EC6AD900E38E82 /* SettingCell.swift */; };
		7947ABB127EC6CCB00E38E82 /* SettingViewModel.swift in Sources */ = {isa = PBXBuildFile; fileRef = 7947ABB027EC6CCB00E38E82 /* SettingViewModel.swift */; };
/* End PBXBuildFile section */

/* Begin PBXFileReference section */
		7947AB7F27EC5C1200E38E82 /* FirebaseWhatsAppClone.app */ = {isa = PBXFileReference; explicitFileType = wrapper.application; includeInIndex = 0; path = FirebaseWhatsAppClone.app; sourceTree = BUILT_PRODUCTS_DIR; };
		7947AB8227EC5C1200E38E82 /* FirebaseWhatsAppCloneApp.swift */ = {isa = PBXFileReference; lastKnownFileType = sourcecode.swift; path = FirebaseWhatsAppCloneApp.swift; sourceTree = "<group>"; };
		7947AB8427EC5C1200E38E82 /* ContentView.swift */ = {isa = PBXFileReference; lastKnownFileType = sourcecode.swift; path = ContentView.swift; sourceTree = "<group>"; };
		7947AB8627EC5C1400E38E82 /* Assets.xcassets */ = {isa = PBXFileReference; lastKnownFileType = folder.assetcatalog; path = Assets.xcassets; sourceTree = "<group>"; };
		7947AB8927EC5C1400E38E82 /* Preview Assets.xcassets */ = {isa = PBXFileReference; lastKnownFileType = folder.assetcatalog; path = "Preview Assets.xcassets"; sourceTree = "<group>"; };
		7947AB9527EC5CB900E38E82 /* LoginView.swift */ = {isa = PBXFileReference; lastKnownFileType = sourcecode.swift; path = LoginView.swift; sourceTree = "<group>"; };
		7947AB9727EC5CC300E38E82 /* RegistrationView.swift */ = {isa = PBXFileReference; lastKnownFileType = sourcecode.swift; path = RegistrationView.swift; sourceTree = "<group>"; };
		7947AB9927EC653C00E38E82 /* MainTabView.swift */ = {isa = PBXFileReference; lastKnownFileType = sourcecode.swift; path = MainTabView.swift; sourceTree = "<group>"; };
		7947AB9E27EC660F00E38E82 /* ChatView.swift */ = {isa = PBXFileReference; lastKnownFileType = sourcecode.swift; path = ChatView.swift; sourceTree = "<group>"; };
		7947ABA127EC662500E38E82 /* SettingView.swift */ = {isa = PBXFileReference; lastKnownFileType = sourcecode.swift; path = SettingView.swift; sourceTree = "<group>"; };
		7947ABAA27EC66A300E38E82 /* ChannelsView.swift */ = {isa = PBXFileReference; lastKnownFileType = sourcecode.swift; path = ChannelsView.swift; sourceTree = "<group>"; };
		7947ABAC27EC6AB200E38E82 /* SettingHeaderView.swift */ = {isa = PBXFileReference; lastKnownFileType = sourcecode.swift; path = SettingHeaderView.swift; sourceTree = "<group>"; };
		7947ABAE27EC6AD900E38E82 /* SettingCell.swift */ = {isa = PBXFileReference; lastKnownFileType = sourcecode.swift; path = SettingCell.swift; sourceTree = "<group>"; };
		7947ABB027EC6CCB00E38E82 /* SettingViewModel.swift */ = {isa = PBXFileReference; lastKnownFileType = sourcecode.swift; path = SettingViewModel.swift; sourceTree = "<group>"; };
/* End PBXFileReference section */

/* Begin PBXFrameworksBuildPhase section */
		7947AB7C27EC5C1200E38E82 /* Frameworks */ = {
			isa = PBXFrameworksBuildPhase;
			buildActionMask = 2147483647;
			files = (
			);
			runOnlyForDeploymentPostprocessing = 0;
		};
/* End PBXFrameworksBuildPhase section */

/* Begin PBXGroup section */
		7947AB7627EC5C1200E38E82 = {
			isa = PBXGroup;
			children = (
				7947AB8127EC5C1200E38E82 /* FirebaseWhatsAppClone */,
				7947AB8027EC5C1200E38E82 /* Products */,
			);
			sourceTree = "<group>";
		};
		7947AB8027EC5C1200E38E82 /* Products */ = {
			isa = PBXGroup;
			children = (
				7947AB7F27EC5C1200E38E82 /* FirebaseWhatsAppClone.app */,
			);
			name = Products;
			sourceTree = "<group>";
		};
		7947AB8127EC5C1200E38E82 /* FirebaseWhatsAppClone */ = {
			isa = PBXGroup;
			children = (
				7947AB8227EC5C1200E38E82 /* FirebaseWhatsAppCloneApp.swift */,
				7947AB8427EC5C1200E38E82 /* ContentView.swift */,
				7947AB9427EC5C6900E38E82 /* Models */,
				7947AB9327EC5C5600E38E82 /* Api */,
				7947AB9127EC5C4A00E38E82 /* ViewModel */,
				7947AB9027EC5C4700E38E82 /* View */,
				7947AB8627EC5C1400E38E82 /* Assets.xcassets */,
				7947AB8827EC5C1400E38E82 /* Preview Content */,
			);
			path = FirebaseWhatsAppClone;
			sourceTree = "<group>";
		};
		7947AB8827EC5C1400E38E82 /* Preview Content */ = {
			isa = PBXGroup;
			children = (
				7947AB8927EC5C1400E38E82 /* Preview Assets.xcassets */,
			);
			path = "Preview Content";
			sourceTree = "<group>";
		};
		7947AB9027EC5C4700E38E82 /* View */ = {
			isa = PBXGroup;
			children = (
				7947ABA927EC669600E38E82 /* Channels */,
				7947ABA427EC664000E38E82 /* Settings */,
				7947ABA327EC663A00E38E82 /* Chats */,
				7947AB9B27EC65E200E38E82 /* BoardingView */,
				7947AB9C27EC65ED00E38E82 /* MainChat */,
			);
			path = View;
			sourceTree = "<group>";
		};
		7947AB9127EC5C4A00E38E82 /* ViewModel */ = {
			isa = PBXGroup;
			children = (
				7947ABB027EC6CCB00E38E82 /* SettingViewModel.swift */,
			);
			path = ViewModel;
			sourceTree = "<group>";
		};
		7947AB9327EC5C5600E38E82 /* Api */ = {
			isa = PBXGroup;
			children = (
			);
			path = Api;
			sourceTree = "<group>";
		};
		7947AB9427EC5C6900E38E82 /* Models */ = {
			isa = PBXGroup;
			children = (
			);
			path = Models;
			sourceTree = "<group>";
		};
		7947AB9B27EC65E200E38E82 /* BoardingView */ = {
			isa = PBXGroup;
			children = (
				7947AB9527EC5CB900E38E82 /* LoginView.swift */,
				7947AB9727EC5CC300E38E82 /* RegistrationView.swift */,
			);
			path = BoardingView;
			sourceTree = "<group>";
		};
		7947AB9C27EC65ED00E38E82 /* MainChat */ = {
			isa = PBXGroup;
			children = (
				7947AB9927EC653C00E38E82 /* MainTabView.swift */,
			);
			path = MainChat;
			sourceTree = "<group>";
		};
		7947ABA327EC663A00E38E82 /* Chats */ = {
			isa = PBXGroup;
			children = (
				7947AB9E27EC660F00E38E82 /* ChatView.swift */,
			);
			path = Chats;
			sourceTree = "<group>";
		};
		7947ABA427EC664000E38E82 /* Settings */ = {
			isa = PBXGroup;
			children = (
				7947ABA127EC662500E38E82 /* SettingView.swift */,
				7947ABAC27EC6AB200E38E82 /* SettingHeaderView.swift */,
				7947ABAE27EC6AD900E38E82 /* SettingCell.swift */,
			);
			path = Settings;
			sourceTree = "<group>";
		};
		7947ABA927EC669600E38E82 /* Channels */ = {
			isa = PBXGroup;
			children = (
				7947ABAA27EC66A300E38E82 /* ChannelsView.swift */,
			);
			path = Channels;
			sourceTree = "<group>";
		};
/* End PBXGroup section */

/* Begin PBXNativeTarget section */
		7947AB7E27EC5C1200E38E82 /* FirebaseWhatsAppClone */ = {
			isa = PBXNativeTarget;
			buildConfigurationList = 7947AB8D27EC5C1400E38E82 /* Build configuration list for PBXNativeTarget "FirebaseWhatsAppClone" */;
			buildPhases = (
				7947AB7B27EC5C1200E38E82 /* Sources */,
				7947AB7C27EC5C1200E38E82 /* Frameworks */,
				7947AB7D27EC5C1200E38E82 /* Resources */,
			);
			buildRules = (
			);
			dependencies = (
			);
			name = FirebaseWhatsAppClone;
			productName = FirebaseWhatsAppClone;
			productReference = 7947AB7F27EC5C1200E38E82 /* FirebaseWhatsAppClone.app */;
			productType = "com.apple.product-type.application";
		};
/* End PBXNativeTarget section */

/* Begin PBXProject section */
		7947AB7727EC5C1200E38E82 /* Project object */ = {
			isa = PBXProject;
			attributes = {
				BuildIndependentTargetsInParallel = 1;
				LastSwiftUpdateCheck = 1330;
				LastUpgradeCheck = 1330;
				TargetAttributes = {
					7947AB7E27EC5C1200E38E82 = {
						CreatedOnToolsVersion = 13.3;
					};
				};
			};
			buildConfigurationList = 7947AB7A27EC5C1200E38E82 /* Build configuration list for PBXProject "FirebaseWhatsAppClone" */;
			compatibilityVersion = "Xcode 13.0";
			developmentRegion = en;
			hasScannedForEncodings = 0;
			knownRegions = (
				en,
				Base,
			);
			mainGroup = 7947AB7627EC5C1200E38E82;
			productRefGroup = 7947AB8027EC5C1200E38E82 /* Products */;
			projectDirPath = "";
			projectRoot = "";
			targets = (
				7947AB7E27EC5C1200E38E82 /* FirebaseWhatsAppClone */,
			);
		};
/* End PBXProject section */

/* Begin PBXResourcesBuildPhase section */
		7947AB7D27EC5C1200E38E82 /* Resources */ = {
			isa = PBXResourcesBuildPhase;
			buildActionMask = 2147483647;
			files = (
				7947AB8A27EC5C1400E38E82 /* Preview Assets.xcassets in Resources */,
				7947AB8727EC5C1400E38E82 /* Assets.xcassets in Resources */,
			);
			runOnlyForDeploymentPostprocessing = 0;
		};
/* End PBXResourcesBuildPhase section */

/* Begin PBXSourcesBuildPhase section */
		7947AB7B27EC5C1200E38E82 /* Sources */ = {
			isa = PBXSourcesBuildPhase;
			buildActionMask = 2147483647;
			files = (
				7947AB9627EC5CB900E38E82 /* LoginView.swift in Sources */,
				7947AB8527EC5C1200E38E82 /* ContentView.swift in Sources */,
				7947ABAB27EC66A300E38E82 /* ChannelsView.swift in Sources */,
				7947AB9A27EC653C00E38E82 /* MainTabView.swift in Sources */,
				7947ABA227EC662500E38E82 /* SettingView.swift in Sources */,
				7947AB8327EC5C1200E38E82 /* FirebaseWhatsAppCloneApp.swift in Sources */,
				7947AB9F27EC660F00E38E82 /* ChatView.swift in Sources */,
				7947AB9827EC5CC300E38E82 /* RegistrationView.swift in Sources */,
				7947ABB127EC6CCB00E38E82 /* SettingViewModel.swift in Sources */,
				7947ABAF27EC6AD900E38E82 /* SettingCell.swift in Sources */,
				7947ABAD27EC6AB200E38E82 /* SettingHeaderView.swift in Sources */,
			);
			runOnlyForDeploymentPostprocessing = 0;
		};
/* End PBXSourcesBuildPhase section */

/* Begin XCBuildConfiguration section */
		7947AB8B27EC5C1400E38E82 /* Debug */ = {
			isa = XCBuildConfiguration;
			buildSettings = {
				ALWAYS_SEARCH_USER_PATHS = NO;
				CLANG_ANALYZER_NONNULL = YES;
				CLANG_ANALYZER_NUMBER_OBJECT_CONVERSION = YES_AGGRESSIVE;
				CLANG_CXX_LANGUAGE_STANDARD = "gnu++17";
				CLANG_ENABLE_MODULES = YES;
				CLANG_ENABLE_OBJC_ARC = YES;
				CLANG_ENABLE_OBJC_WEAK = YES;
				CLANG_WARN_BLOCK_CAPTURE_AUTORELEASING = YES;
				CLANG_WARN_BOOL_CONVERSION = YES;
				CLANG_WARN_COMMA = YES;
				CLANG_WARN_CONSTANT_CONVERSION = YES;
				CLANG_WARN_DEPRECATED_OBJC_IMPLEMENTATIONS = YES;
				CLANG_WARN_DIRECT_OBJC_ISA_USAGE = YES_ERROR;
				CLANG_WARN_DOCUMENTATION_COMMENTS = YES;
				CLANG_WARN_EMPTY_BODY = YES;
				CLANG_WARN_ENUM_CONVERSION = YES;
				CLANG_WARN_INFINITE_RECURSION = YES;
				CLANG_WARN_INT_CONVERSION = YES;
				CLANG_WARN_NON_LITERAL_NULL_CONVERSION = YES;
				CLANG_WARN_OBJC_IMPLICIT_RETAIN_SELF = YES;
				CLANG_WARN_OBJC_LITERAL_CONVERSION = YES;
				CLANG_WARN_OBJC_ROOT_CLASS = YES_ERROR;
				CLANG_WARN_QUOTED_INCLUDE_IN_FRAMEWORK_HEADER = YES;
				CLANG_WARN_RANGE_LOOP_ANALYSIS = YES;
				CLANG_WARN_STRICT_PROTOTYPES = YES;
				CLANG_WARN_SUSPICIOUS_MOVE = YES;
				CLANG_WARN_UNGUARDED_AVAILABILITY = YES_AGGRESSIVE;
				CLANG_WARN_UNREACHABLE_CODE = YES;
				CLANG_WARN__DUPLICATE_METHOD_MATCH = YES;
				COPY_PHASE_STRIP = NO;
				DEBUG_INFORMATION_FORMAT = dwarf;
				ENABLE_STRICT_OBJC_MSGSEND = YES;
				ENABLE_TESTABILITY = YES;
				GCC_C_LANGUAGE_STANDARD = gnu11;
				GCC_DYNAMIC_NO_PIC = NO;
				GCC_NO_COMMON_BLOCKS = YES;
				GCC_OPTIMIZATION_LEVEL = 0;
				GCC_PREPROCESSOR_DEFINITIONS = (
					"DEBUG=1",
					"$(inherited)",
				);
				GCC_WARN_64_TO_32_BIT_CONVERSION = YES;
				GCC_WARN_ABOUT_RETURN_TYPE = YES_ERROR;
				GCC_WARN_UNDECLARED_SELECTOR = YES;
				GCC_WARN_UNINITIALIZED_AUTOS = YES_AGGRESSIVE;
				GCC_WARN_UNUSED_FUNCTION = YES;
				GCC_WARN_UNUSED_VARIABLE = YES;
				IPHONEOS_DEPLOYMENT_TARGET = 15.4;
				MTL_ENABLE_DEBUG_INFO = INCLUDE_SOURCE;
				MTL_FAST_MATH = YES;
				ONLY_ACTIVE_ARCH = YES;
				SDKROOT = iphoneos;
				SWIFT_ACTIVE_COMPILATION_CONDITIONS = DEBUG;
				SWIFT_OPTIMIZATION_LEVEL = "-Onone";
			};
			name = Debug;
		};
		7947AB8C27EC5C1400E38E82 /* Release */ = {
			isa = XCBuildConfiguration;
			buildSettings = {
				ALWAYS_SEARCH_USER_PATHS = NO;
				CLANG_ANALYZER_NONNULL = YES;
				CLANG_ANALYZER_NUMBER_OBJECT_CONVERSION = YES_AGGRESSIVE;
				CLANG_CXX_LANGUAGE_STANDARD = "gnu++17";
				CLANG_ENABLE_MODULES = YES;
				CLANG_ENABLE_OBJC_ARC = YES;
				CLANG_ENABLE_OBJC_WEAK = YES;
				CLANG_WARN_BLOCK_CAPTURE_AUTORELEASING = YES;
				CLANG_WARN_BOOL_CONVERSION = YES;
				CLANG_WARN_COMMA = YES;
				CLANG_WARN_CONSTANT_CONVERSION = YES;
				CLANG_WARN_DEPRECATED_OBJC_IMPLEMENTATIONS = YES;
				CLANG_WARN_DIRECT_OBJC_ISA_USAGE = YES_ERROR;
				CLANG_WARN_DOCUMENTATION_COMMENTS = YES;
				CLANG_WARN_EMPTY_BODY = YES;
				CLANG_WARN_ENUM_CONVERSION = YES;
				CLANG_WARN_INFINITE_RECURSION = YES;
				CLANG_WARN_INT_CONVERSION = YES;
				CLANG_WARN_NON_LITERAL_NULL_CONVERSION = YES;
				CLANG_WARN_OBJC_IMPLICIT_RETAIN_SELF = YES;
				CLANG_WARN_OBJC_LITERAL_CONVERSION = YES;
				CLANG_WARN_OBJC_ROOT_CLASS = YES_ERROR;
				CLANG_WARN_QUOTED_INCLUDE_IN_FRAMEWORK_HEADER = YES;
				CLANG_WARN_RANGE_LOOP_ANALYSIS = YES;
				CLANG_WARN_STRICT_PROTOTYPES = YES;
				CLANG_WARN_SUSPICIOUS_MOVE = YES;
				CLANG_WARN_UNGUARDED_AVAILABILITY = YES_AGGRESSIVE;
				CLANG_WARN_UNREACHABLE_CODE = YES;
				CLANG_WARN__DUPLICATE_METHOD_MATCH = YES;
				COPY_PHASE_STRIP = NO;
				DEBUG_INFORMATION_FORMAT = "dwarf-with-dsym";
				ENABLE_NS_ASSERTIONS = NO;
				ENABLE_STRICT_OBJC_MSGSEND = YES;
				GCC_C_LANGUAGE_STANDARD = gnu11;
				GCC_NO_COMMON_BLOCKS = YES;
				GCC_WARN_64_TO_32_BIT_CONVERSION = YES;
				GCC_WARN_ABOUT_RETURN_TYPE = YES_ERROR;
				GCC_WARN_UNDECLARED_SELECTOR = YES;
				GCC_WARN_UNINITIALIZED_AUTOS = YES_AGGRESSIVE;
				GCC_WARN_UNUSED_FUNCTION = YES;
				GCC_WARN_UNUSED_VARIABLE = YES;
				IPHONEOS_DEPLOYMENT_TARGET = 15.4;
				MTL_ENABLE_DEBUG_INFO = NO;
				MTL_FAST_MATH = YES;
				SDKROOT = iphoneos;
				SWIFT_COMPILATION_MODE = wholemodule;
				SWIFT_OPTIMIZATION_LEVEL = "-O";
				VALIDATE_PRODUCT = YES;
			};
			name = Release;
		};
		7947AB8E27EC5C1400E38E82 /* Debug */ = {
			isa = XCBuildConfiguration;
			buildSettings = {
				ASSETCATALOG_COMPILER_APPICON_NAME = AppIcon;
				ASSETCATALOG_COMPILER_GLOBAL_ACCENT_COLOR_NAME = AccentColor;
				CODE_SIGN_STYLE = Automatic;
				CURRENT_PROJECT_VERSION = 1;
				DEVELOPMENT_ASSET_PATHS = "\"FirebaseWhatsAppClone/Preview Content\"";
				DEVELOPMENT_TEAM = SRJSV34WBB;
				ENABLE_PREVIEWS = YES;
				GENERATE_INFOPLIST_FILE = YES;
				INFOPLIST_KEY_UIApplicationSceneManifest_Generation = YES;
				INFOPLIST_KEY_UIApplicationSupportsIndirectInputEvents = YES;
				INFOPLIST_KEY_UILaunchScreen_Generation = YES;
				INFOPLIST_KEY_UISupportedInterfaceOrientations_iPad = "UIInterfaceOrientationPortrait UIInterfaceOrientationPortraitUpsideDown UIInterfaceOrientationLandscapeLeft UIInterfaceOrientationLandscapeRight";
				INFOPLIST_KEY_UISupportedInterfaceOrientations_iPhone = "UIInterfaceOrientationPortrait UIInterfaceOrientationLandscapeLeft UIInterfaceOrientationLandscapeRight";
				LD_RUNPATH_SEARCH_PATHS = (
					"$(inherited)",
					"@executable_path/Frameworks",
				);
				MARKETING_VERSION = 1.0;
				PRODUCT_BUNDLE_IDENTIFIER = devleeky16498.FirebaseWhatsAppClone;
				PRODUCT_NAME = "$(TARGET_NAME)";
				SWIFT_EMIT_LOC_STRINGS = YES;
				SWIFT_VERSION = 5.0;
				TARGETED_DEVICE_FAMILY = "1,2";
			};
			name = Debug;
		};
		7947AB8F27EC5C1400E38E82 /* Release */ = {
			isa = XCBuildConfiguration;
			buildSettings = {
				ASSETCATALOG_COMPILER_APPICON_NAME = AppIcon;
				ASSETCATALOG_COMPILER_GLOBAL_ACCENT_COLOR_NAME = AccentColor;
				CODE_SIGN_STYLE = Automatic;
				CURRENT_PROJECT_VERSION = 1;
				DEVELOPMENT_ASSET_PATHS = "\"FirebaseWhatsAppClone/Preview Content\"";
				DEVELOPMENT_TEAM = SRJSV34WBB;
				ENABLE_PREVIEWS = YES;
				GENERATE_INFOPLIST_FILE = YES;
				INFOPLIST_KEY_UIApplicationSceneManifest_Generation = YES;
				INFOPLIST_KEY_UIApplicationSupportsIndirectInputEvents = YES;
				INFOPLIST_KEY_UILaunchScreen_Generation = YES;
				INFOPLIST_KEY_UISupportedInterfaceOrientations_iPad = "UIInterfaceOrientationPortrait UIInterfaceOrientationPortraitUpsideDown UIInterfaceOrientationLandscapeLeft UIInterfaceOrientationLandscapeRight";
				INFOPLIST_KEY_UISupportedInterfaceOrientations_iPhone = "UIInterfaceOrientationPortrait UIInterfaceOrientationLandscapeLeft UIInterfaceOrientationLandscapeRight";
				LD_RUNPATH_SEARCH_PATHS = (
					"$(inherited)",
					"@executable_path/Frameworks",
				);
				MARKETING_VERSION = 1.0;
				PRODUCT_BUNDLE_IDENTIFIER = devleeky16498.FirebaseWhatsAppClone;
				PRODUCT_NAME = "$(TARGET_NAME)";
				SWIFT_EMIT_LOC_STRINGS = YES;
				SWIFT_VERSION = 5.0;
				TARGETED_DEVICE_FAMILY = "1,2";
			};
			name = Release;
		};
/* End XCBuildConfiguration section */

/* Begin XCConfigurationList section */
		7947AB7A27EC5C1200E38E82 /* Build configuration list for PBXProject "FirebaseWhatsAppClone" */ = {
			isa = XCConfigurationList;
			buildConfigurations = (
				7947AB8B27EC5C1400E38E82 /* Debug */,
				7947AB8C27EC5C1400E38E82 /* Release */,
			);
			defaultConfigurationIsVisible = 0;
			defaultConfigurationName = Release;
		};
		7947AB8D27EC5C1400E38E82 /* Build configuration list for PBXNativeTarget "FirebaseWhatsAppClone" */ = {
			isa = XCConfigurationList;
			buildConfigurations = (
				7947AB8E27EC5C1400E38E82 /* Debug */,
				7947AB8F27EC5C1400E38E82 /* Release */,
			);
			defaultConfigurationIsVisible = 0;
			defaultConfigurationName = Release;
		};
/* End XCConfigurationList section */
	};
	rootObject = 7947AB7727EC5C1200E38E82 /* Project object */;
}
